// !$*UTF8*$!
{
	archiveVersion = 1;
	classes = {
	};
	objectVersion = 55;
	objects = {

/* Begin PBXBuildFile section */
		5D0F751EBEE3C8114F613331 /* Pods_Mobillium.framework in Frameworks */ = {isa = PBXBuildFile; fileRef = C4051F6830071E726FA4A564 /* Pods_Mobillium.framework */; };
		E151B82828171DFF001BE4CC /* AppDelegate.swift in Sources */ = {isa = PBXBuildFile; fileRef = E151B82728171DFF001BE4CC /* AppDelegate.swift */; };
		E151B82A28171DFF001BE4CC /* SceneDelegate.swift in Sources */ = {isa = PBXBuildFile; fileRef = E151B82928171DFF001BE4CC /* SceneDelegate.swift */; };
		E151B82C28171DFF001BE4CC /* MovieListViewController.swift in Sources */ = {isa = PBXBuildFile; fileRef = E151B82B28171DFF001BE4CC /* MovieListViewController.swift */; };
		E151B82F28171DFF001BE4CC /* Main.storyboard in Resources */ = {isa = PBXBuildFile; fileRef = E151B82D28171DFF001BE4CC /* Main.storyboard */; };
		E151B83128171E00001BE4CC /* Assets.xcassets in Resources */ = {isa = PBXBuildFile; fileRef = E151B83028171E00001BE4CC /* Assets.xcassets */; };
		E151B83428171E00001BE4CC /* LaunchScreen.storyboard in Resources */ = {isa = PBXBuildFile; fileRef = E151B83228171E00001BE4CC /* LaunchScreen.storyboard */; };
		E151B83F28172C00001BE4CC /* SliderCollectionViewCell.swift in Sources */ = {isa = PBXBuildFile; fileRef = E151B83D28172C00001BE4CC /* SliderCollectionViewCell.swift */; };
		E151B84028172C00001BE4CC /* SliderCollectionViewCell.xib in Resources */ = {isa = PBXBuildFile; fileRef = E151B83E28172C00001BE4CC /* SliderCollectionViewCell.xib */; };
		E151B8442817339B001BE4CC /* MovieListTableViewCell.swift in Sources */ = {isa = PBXBuildFile; fileRef = E151B8422817339B001BE4CC /* MovieListTableViewCell.swift */; };
		E151B8452817339B001BE4CC /* MovieListTableViewCell.xib in Resources */ = {isa = PBXBuildFile; fileRef = E151B8432817339B001BE4CC /* MovieListTableViewCell.xib */; };
		E151B84A2817417C001BE4CC /* SliderView.xib in Resources */ = {isa = PBXBuildFile; fileRef = E151B8492817417C001BE4CC /* SliderView.xib */; };
		E151B84C28174238001BE4CC /* SliderView.swift in Sources */ = {isa = PBXBuildFile; fileRef = E151B84B28174238001BE4CC /* SliderView.swift */; };
		E151B8512817E6B6001BE4CC /* NetworkManager.swift in Sources */ = {isa = PBXBuildFile; fileRef = E151B8502817E6B6001BE4CC /* NetworkManager.swift */; };
		E151B8542817F06A001BE4CC /* MovieListNowPlayingResponse.swift in Sources */ = {isa = PBXBuildFile; fileRef = E151B8532817F06A001BE4CC /* MovieListNowPlayingResponse.swift */; };
		E151B8572817F108001BE4CC /* MovieListViewModel.swift in Sources */ = {isa = PBXBuildFile; fileRef = E151B8562817F108001BE4CC /* MovieListViewModel.swift */; };
		E151B85B2817F1CC001BE4CC /* MovieService.swift in Sources */ = {isa = PBXBuildFile; fileRef = E151B85A2817F1CC001BE4CC /* MovieService.swift */; };
		E151B8602818074D001BE4CC /* Endpoint.swift in Sources */ = {isa = PBXBuildFile; fileRef = E151B85F2818074D001BE4CC /* Endpoint.swift */; };
		E151B86A28182F5B001BE4CC /* MovieListUpcomingResponse.swift in Sources */ = {isa = PBXBuildFile; fileRef = E151B8682818159E001BE4CC /* MovieListUpcomingResponse.swift */; };
		E151B86C28182FF9001BE4CC /* AppCoordinator.swift in Sources */ = {isa = PBXBuildFile; fileRef = E151B86B28182FF9001BE4CC /* AppCoordinator.swift */; };
		E151B874281833CF001BE4CC /* MovieListContracts.swift in Sources */ = {isa = PBXBuildFile; fileRef = E151B873281833CF001BE4CC /* MovieListContracts.swift */; };
		E151B87728183405001BE4CC /* State.swift in Sources */ = {isa = PBXBuildFile; fileRef = E151B87628183405001BE4CC /* State.swift */; };
		E151B879281834FE001BE4CC /* MovieDetailViewController.swift in Sources */ = {isa = PBXBuildFile; fileRef = E151B878281834FE001BE4CC /* MovieDetailViewController.swift */; };
		E151B87B281835B0001BE4CC /* MovieDetailViewModel.swift in Sources */ = {isa = PBXBuildFile; fileRef = E151B87A281835B0001BE4CC /* MovieDetailViewModel.swift */; };
		E151B87D2818360B001BE4CC /* MovieDetailContracts.swift in Sources */ = {isa = PBXBuildFile; fileRef = E151B87C2818360B001BE4CC /* MovieDetailContracts.swift */; };
		E151B87F2818369A001BE4CC /* MovieCoordinator.swift in Sources */ = {isa = PBXBuildFile; fileRef = E151B87E2818369A001BE4CC /* MovieCoordinator.swift */; };
		E151B8842818690C001BE4CC /* CoordinatorProtocol.swift in Sources */ = {isa = PBXBuildFile; fileRef = E151B8832818690C001BE4CC /* CoordinatorProtocol.swift */; };
		E151B88B28186DAC001BE4CC /* MovieDetailResponse.swift in Sources */ = {isa = PBXBuildFile; fileRef = E151B88A28186DAC001BE4CC /* MovieDetailResponse.swift */; };
		E151B88F281873C4001BE4CC /* MovieDetailItem.swift in Sources */ = {isa = PBXBuildFile; fileRef = E151B88E281873C4001BE4CC /* MovieDetailItem.swift */; };
		E151B891281873FD001BE4CC /* MovieDetailItem+Extensions.swift in Sources */ = {isa = PBXBuildFile; fileRef = E151B890281873FD001BE4CC /* MovieDetailItem+Extensions.swift */; };
		E151B89328187FE6001BE4CC /* Assets.swift in Sources */ = {isa = PBXBuildFile; fileRef = E151B89228187FE6001BE4CC /* Assets.swift */; };
		E151B89528188703001BE4CC /* Color.swift in Sources */ = {isa = PBXBuildFile; fileRef = E151B89428188703001BE4CC /* Color.swift */; };
		E151B89728188D08001BE4CC /* String+Extensions.swift in Sources */ = {isa = PBXBuildFile; fileRef = E151B89628188D08001BE4CC /* String+Extensions.swift */; };
		E151B89A28188F54001BE4CC /* MovieItem.swift in Sources */ = {isa = PBXBuildFile; fileRef = E151B89928188F54001BE4CC /* MovieItem.swift */; };
		E151B89C28188F72001BE4CC /* MovieItem+Extensions.swift in Sources */ = {isa = PBXBuildFile; fileRef = E151B89B28188F72001BE4CC /* MovieItem+Extensions.swift */; };
		E151B8A028189462001BE4CC /* LoadingView.swift in Sources */ = {isa = PBXBuildFile; fileRef = E151B89F28189462001BE4CC /* LoadingView.swift */; };
		E151B8A228189919001BE4CC /* UIView+Extensions.swift in Sources */ = {isa = PBXBuildFile; fileRef = E151B8A128189919001BE4CC /* UIView+Extensions.swift */; };
		E151B8A428189D92001BE4CC /* UIViewController+Extensions.swift in Sources */ = {isa = PBXBuildFile; fileRef = E151B8A328189D92001BE4CC /* UIViewController+Extensions.swift */; };
/* End PBXBuildFile section */

/* Begin PBXFileReference section */
		1FEBB2A6A9EE11F1DDC00A64 /* Pods-Mobillium.release.xcconfig */ = {isa = PBXFileReference; includeInIndex = 1; lastKnownFileType = text.xcconfig; name = "Pods-Mobillium.release.xcconfig"; path = "Target Support Files/Pods-Mobillium/Pods-Mobillium.release.xcconfig"; sourceTree = "<group>"; };
		7A72F25155E440C1BEBDE8F1 /* Pods-Mobillium.debug.xcconfig */ = {isa = PBXFileReference; includeInIndex = 1; lastKnownFileType = text.xcconfig; name = "Pods-Mobillium.debug.xcconfig"; path = "Target Support Files/Pods-Mobillium/Pods-Mobillium.debug.xcconfig"; sourceTree = "<group>"; };
		C4051F6830071E726FA4A564 /* Pods_Mobillium.framework */ = {isa = PBXFileReference; explicitFileType = wrapper.framework; includeInIndex = 0; path = Pods_Mobillium.framework; sourceTree = BUILT_PRODUCTS_DIR; };
		E151B82428171DFF001BE4CC /* Mobillium.app */ = {isa = PBXFileReference; explicitFileType = wrapper.application; includeInIndex = 0; path = Mobillium.app; sourceTree = BUILT_PRODUCTS_DIR; };
		E151B82728171DFF001BE4CC /* AppDelegate.swift */ = {isa = PBXFileReference; lastKnownFileType = sourcecode.swift; path = AppDelegate.swift; sourceTree = "<group>"; };
		E151B82928171DFF001BE4CC /* SceneDelegate.swift */ = {isa = PBXFileReference; lastKnownFileType = sourcecode.swift; path = SceneDelegate.swift; sourceTree = "<group>"; };
		E151B82B28171DFF001BE4CC /* MovieListViewController.swift */ = {isa = PBXFileReference; lastKnownFileType = sourcecode.swift; path = MovieListViewController.swift; sourceTree = "<group>"; };
		E151B82E28171DFF001BE4CC /* Base */ = {isa = PBXFileReference; lastKnownFileType = file.storyboard; name = Base; path = Base.lproj/Main.storyboard; sourceTree = "<group>"; };
		E151B83028171E00001BE4CC /* Assets.xcassets */ = {isa = PBXFileReference; lastKnownFileType = folder.assetcatalog; path = Assets.xcassets; sourceTree = "<group>"; };
		E151B83328171E00001BE4CC /* Base */ = {isa = PBXFileReference; lastKnownFileType = file.storyboard; name = Base; path = Base.lproj/LaunchScreen.storyboard; sourceTree = "<group>"; };
		E151B83528171E00001BE4CC /* Info.plist */ = {isa = PBXFileReference; lastKnownFileType = text.plist.xml; path = Info.plist; sourceTree = "<group>"; };
		E151B83D28172C00001BE4CC /* SliderCollectionViewCell.swift */ = {isa = PBXFileReference; lastKnownFileType = sourcecode.swift; path = SliderCollectionViewCell.swift; sourceTree = "<group>"; };
		E151B83E28172C00001BE4CC /* SliderCollectionViewCell.xib */ = {isa = PBXFileReference; lastKnownFileType = file.xib; path = SliderCollectionViewCell.xib; sourceTree = "<group>"; };
		E151B8422817339B001BE4CC /* MovieListTableViewCell.swift */ = {isa = PBXFileReference; lastKnownFileType = sourcecode.swift; path = MovieListTableViewCell.swift; sourceTree = "<group>"; };
		E151B8432817339B001BE4CC /* MovieListTableViewCell.xib */ = {isa = PBXFileReference; lastKnownFileType = file.xib; path = MovieListTableViewCell.xib; sourceTree = "<group>"; };
		E151B8492817417C001BE4CC /* SliderView.xib */ = {isa = PBXFileReference; lastKnownFileType = file.xib; path = SliderView.xib; sourceTree = "<group>"; };
		E151B84B28174238001BE4CC /* SliderView.swift */ = {isa = PBXFileReference; lastKnownFileType = sourcecode.swift; path = SliderView.swift; sourceTree = "<group>"; };
		E151B8502817E6B6001BE4CC /* NetworkManager.swift */ = {isa = PBXFileReference; lastKnownFileType = sourcecode.swift; path = NetworkManager.swift; sourceTree = "<group>"; };
		E151B8532817F06A001BE4CC /* MovieListNowPlayingResponse.swift */ = {isa = PBXFileReference; lastKnownFileType = sourcecode.swift; path = MovieListNowPlayingResponse.swift; sourceTree = "<group>"; };
		E151B8562817F108001BE4CC /* MovieListViewModel.swift */ = {isa = PBXFileReference; lastKnownFileType = sourcecode.swift; path = MovieListViewModel.swift; sourceTree = "<group>"; };
		E151B85A2817F1CC001BE4CC /* MovieService.swift */ = {isa = PBXFileReference; lastKnownFileType = sourcecode.swift; path = MovieService.swift; sourceTree = "<group>"; };
		E151B85F2818074D001BE4CC /* Endpoint.swift */ = {isa = PBXFileReference; lastKnownFileType = sourcecode.swift; path = Endpoint.swift; sourceTree = "<group>"; };
		E151B8682818159E001BE4CC /* MovieListUpcomingResponse.swift */ = {isa = PBXFileReference; lastKnownFileType = sourcecode.swift; path = MovieListUpcomingResponse.swift; sourceTree = "<group>"; };
		E151B86B28182FF9001BE4CC /* AppCoordinator.swift */ = {isa = PBXFileReference; lastKnownFileType = sourcecode.swift; path = AppCoordinator.swift; sourceTree = "<group>"; };
		E151B873281833CF001BE4CC /* MovieListContracts.swift */ = {isa = PBXFileReference; lastKnownFileType = sourcecode.swift; path = MovieListContracts.swift; sourceTree = "<group>"; };
		E151B87628183405001BE4CC /* State.swift */ = {isa = PBXFileReference; lastKnownFileType = sourcecode.swift; path = State.swift; sourceTree = "<group>"; };
		E151B878281834FE001BE4CC /* MovieDetailViewController.swift */ = {isa = PBXFileReference; lastKnownFileType = sourcecode.swift; path = MovieDetailViewController.swift; sourceTree = "<group>"; };
		E151B87A281835B0001BE4CC /* MovieDetailViewModel.swift */ = {isa = PBXFileReference; lastKnownFileType = sourcecode.swift; path = MovieDetailViewModel.swift; sourceTree = "<group>"; };
		E151B87C2818360B001BE4CC /* MovieDetailContracts.swift */ = {isa = PBXFileReference; lastKnownFileType = sourcecode.swift; path = MovieDetailContracts.swift; sourceTree = "<group>"; };
		E151B87E2818369A001BE4CC /* MovieCoordinator.swift */ = {isa = PBXFileReference; lastKnownFileType = sourcecode.swift; path = MovieCoordinator.swift; sourceTree = "<group>"; };
		E151B8832818690C001BE4CC /* CoordinatorProtocol.swift */ = {isa = PBXFileReference; lastKnownFileType = sourcecode.swift; path = CoordinatorProtocol.swift; sourceTree = "<group>"; };
		E151B88A28186DAC001BE4CC /* MovieDetailResponse.swift */ = {isa = PBXFileReference; lastKnownFileType = sourcecode.swift; path = MovieDetailResponse.swift; sourceTree = "<group>"; };
		E151B88E281873C4001BE4CC /* MovieDetailItem.swift */ = {isa = PBXFileReference; lastKnownFileType = sourcecode.swift; path = MovieDetailItem.swift; sourceTree = "<group>"; };
		E151B890281873FD001BE4CC /* MovieDetailItem+Extensions.swift */ = {isa = PBXFileReference; lastKnownFileType = sourcecode.swift; path = "MovieDetailItem+Extensions.swift"; sourceTree = "<group>"; };
		E151B89228187FE6001BE4CC /* Assets.swift */ = {isa = PBXFileReference; lastKnownFileType = sourcecode.swift; path = Assets.swift; sourceTree = "<group>"; };
		E151B89428188703001BE4CC /* Color.swift */ = {isa = PBXFileReference; lastKnownFileType = sourcecode.swift; path = Color.swift; sourceTree = "<group>"; };
		E151B89628188D08001BE4CC /* String+Extensions.swift */ = {isa = PBXFileReference; lastKnownFileType = sourcecode.swift; path = "String+Extensions.swift"; sourceTree = "<group>"; };
		E151B89928188F54001BE4CC /* MovieItem.swift */ = {isa = PBXFileReference; lastKnownFileType = sourcecode.swift; path = MovieItem.swift; sourceTree = "<group>"; };
		E151B89B28188F72001BE4CC /* MovieItem+Extensions.swift */ = {isa = PBXFileReference; lastKnownFileType = sourcecode.swift; path = "MovieItem+Extensions.swift"; sourceTree = "<group>"; };
		E151B89F28189462001BE4CC /* LoadingView.swift */ = {isa = PBXFileReference; lastKnownFileType = sourcecode.swift; path = LoadingView.swift; sourceTree = "<group>"; };
		E151B8A128189919001BE4CC /* UIView+Extensions.swift */ = {isa = PBXFileReference; lastKnownFileType = sourcecode.swift; path = "UIView+Extensions.swift"; sourceTree = "<group>"; };
		E151B8A328189D92001BE4CC /* UIViewController+Extensions.swift */ = {isa = PBXFileReference; lastKnownFileType = sourcecode.swift; path = "UIViewController+Extensions.swift"; sourceTree = "<group>"; };
/* End PBXFileReference section */

/* Begin PBXFrameworksBuildPhase section */
		E151B82128171DFF001BE4CC /* Frameworks */ = {
			isa = PBXFrameworksBuildPhase;
			buildActionMask = 2147483647;
			files = (
				5D0F751EBEE3C8114F613331 /* Pods_Mobillium.framework in Frameworks */,
			);
			runOnlyForDeploymentPostprocessing = 0;
		};
/* End PBXFrameworksBuildPhase section */

/* Begin PBXGroup section */
		8052B5A3E1C6CD4961A9B160 /* Pods */ = {
			isa = PBXGroup;
			children = (
				7A72F25155E440C1BEBDE8F1 /* Pods-Mobillium.debug.xcconfig */,
				1FEBB2A6A9EE11F1DDC00A64 /* Pods-Mobillium.release.xcconfig */,
			);
			path = Pods;
			sourceTree = "<group>";
		};
		CACF1C6B2C9B08E0AFCDCFE6 /* Frameworks */ = {
			isa = PBXGroup;
			children = (
				C4051F6830071E726FA4A564 /* Pods_Mobillium.framework */,
			);
			name = Frameworks;
			sourceTree = "<group>";
		};
		E151B81B28171DFF001BE4CC = {
			isa = PBXGroup;
			children = (
				E151B82628171DFF001BE4CC /* Mobillium */,
				E151B82528171DFF001BE4CC /* Products */,
				8052B5A3E1C6CD4961A9B160 /* Pods */,
				CACF1C6B2C9B08E0AFCDCFE6 /* Frameworks */,
			);
			sourceTree = "<group>";
		};
		E151B82528171DFF001BE4CC /* Products */ = {
			isa = PBXGroup;
			children = (
				E151B82428171DFF001BE4CC /* Mobillium.app */,
			);
			name = Products;
			sourceTree = "<group>";
		};
		E151B82628171DFF001BE4CC /* Mobillium */ = {
			isa = PBXGroup;
			children = (
				E151B875281833FA001BE4CC /* Common */,
				E151B861281811B6001BE4CC /* App */,
				E151B862281811C7001BE4CC /* Module */,
				E151B8582817F1B1001BE4CC /* Network */,
				E151B863281811DC001BE4CC /* Resources */,
				E151B83528171E00001BE4CC /* Info.plist */,
			);
			path = Mobillium;
			sourceTree = "<group>";
		};
		E151B84128173287001BE4CC /* SliderCollectionViewCell */ = {
			isa = PBXGroup;
			children = (
				E151B83D28172C00001BE4CC /* SliderCollectionViewCell.swift */,
				E151B83E28172C00001BE4CC /* SliderCollectionViewCell.xib */,
			);
			path = SliderCollectionViewCell;
			sourceTree = "<group>";
		};
		E151B846281733A0001BE4CC /* MovieListTableViewCell */ = {
			isa = PBXGroup;
			children = (
				E151B8422817339B001BE4CC /* MovieListTableViewCell.swift */,
				E151B8432817339B001BE4CC /* MovieListTableViewCell.xib */,
			);
			path = MovieListTableViewCell;
			sourceTree = "<group>";
		};
		E151B84D28175702001BE4CC /* SliderView */ = {
			isa = PBXGroup;
			children = (
				E151B84B28174238001BE4CC /* SliderView.swift */,
				E151B8492817417C001BE4CC /* SliderView.xib */,
				E151B84128173287001BE4CC /* SliderCollectionViewCell */,
			);
			path = SliderView;
			sourceTree = "<group>";
		};
		E151B84E28176910001BE4CC /* MovieList */ = {
			isa = PBXGroup;
			children = (
				E151B89828188F30001BE4CC /* Model */,
				E151B88028183AD9001BE4CC /* Coordinator */,
				E151B8552817F0F5001BE4CC /* ViewModel */,
				E151B84F28176B9D001BE4CC /* View */,
				E151B871281833A8001BE4CC /* SubModules */,
			);
			path = MovieList;
			sourceTree = "<group>";
		};
		E151B84F28176B9D001BE4CC /* View */ = {
			isa = PBXGroup;
			children = (
				E151B82B28171DFF001BE4CC /* MovieListViewController.swift */,
				E151B846281733A0001BE4CC /* MovieListTableViewCell */,
				E151B84D28175702001BE4CC /* SliderView */,
			);
			path = View;
			sourceTree = "<group>";
		};
		E151B8552817F0F5001BE4CC /* ViewModel */ = {
			isa = PBXGroup;
			children = (
				E151B8562817F108001BE4CC /* MovieListViewModel.swift */,
				E151B873281833CF001BE4CC /* MovieListContracts.swift */,
			);
			path = ViewModel;
			sourceTree = "<group>";
		};
		E151B8582817F1B1001BE4CC /* Network */ = {
			isa = PBXGroup;
			children = (
				E151B85F2818074D001BE4CC /* Endpoint.swift */,
				E151B8502817E6B6001BE4CC /* NetworkManager.swift */,
				E151B8642818123A001BE4CC /* Modules */,
			);
			path = Network;
			sourceTree = "<group>";
		};
		E151B8592817F1B9001BE4CC /* List */ = {
			isa = PBXGroup;
			children = (
				E151B86528181413001BE4CC /* NowPlaying */,
				E151B86628181423001BE4CC /* Upcoming */,
			);
			path = List;
			sourceTree = "<group>";
		};
		E151B85C2817F2AB001BE4CC /* Response */ = {
			isa = PBXGroup;
			children = (
				E151B8532817F06A001BE4CC /* MovieListNowPlayingResponse.swift */,
			);
			path = Response;
			sourceTree = "<group>";
		};
		E151B861281811B6001BE4CC /* App */ = {
			isa = PBXGroup;
			children = (
				E151B82728171DFF001BE4CC /* AppDelegate.swift */,
				E151B82928171DFF001BE4CC /* SceneDelegate.swift */,
				E151B86B28182FF9001BE4CC /* AppCoordinator.swift */,
			);
			path = App;
			sourceTree = "<group>";
		};
		E151B862281811C7001BE4CC /* Module */ = {
			isa = PBXGroup;
			children = (
				E151B84E28176910001BE4CC /* MovieList */,
			);
			path = Module;
			sourceTree = "<group>";
		};
		E151B863281811DC001BE4CC /* Resources */ = {
			isa = PBXGroup;
			children = (
				E151B82D28171DFF001BE4CC /* Main.storyboard */,
				E151B83028171E00001BE4CC /* Assets.xcassets */,
				E151B83228171E00001BE4CC /* LaunchScreen.storyboard */,
			);
			path = Resources;
			sourceTree = "<group>";
		};
		E151B8642818123A001BE4CC /* Modules */ = {
			isa = PBXGroup;
			children = (
				E151B88C281870DD001BE4CC /* Movie */,
			);
			path = Modules;
			sourceTree = "<group>";
		};
		E151B86528181413001BE4CC /* NowPlaying */ = {
			isa = PBXGroup;
			children = (
				E151B85C2817F2AB001BE4CC /* Response */,
			);
			path = NowPlaying;
			sourceTree = "<group>";
		};
		E151B86628181423001BE4CC /* Upcoming */ = {
			isa = PBXGroup;
			children = (
				E151B8672818142F001BE4CC /* Response */,
			);
			path = Upcoming;
			sourceTree = "<group>";
		};
		E151B8672818142F001BE4CC /* Response */ = {
			isa = PBXGroup;
			children = (
				E151B8682818159E001BE4CC /* MovieListUpcomingResponse.swift */,
			);
			path = Response;
			sourceTree = "<group>";
		};
		E151B871281833A8001BE4CC /* SubModules */ = {
			isa = PBXGroup;
			children = (
				E151B872281833B5001BE4CC /* MovieDetail */,
			);
			path = SubModules;
			sourceTree = "<group>";
		};
		E151B872281833B5001BE4CC /* MovieDetail */ = {
			isa = PBXGroup;
			children = (
				E151B88D281873B4001BE4CC /* Model */,
				E151B882281840E1001BE4CC /* View */,
				E151B881281840CF001BE4CC /* ViewModel */,
			);
			path = MovieDetail;
			sourceTree = "<group>";
		};
		E151B875281833FA001BE4CC /* Common */ = {
			isa = PBXGroup;
			children = (
				E151B87628183405001BE4CC /* State.swift */,
				E151B8832818690C001BE4CC /* CoordinatorProtocol.swift */,
				E151B89228187FE6001BE4CC /* Assets.swift */,
				E151B89428188703001BE4CC /* Color.swift */,
				E151B89E28189457001BE4CC /* View */,
				E151B89D2818944F001BE4CC /* Extensions */,
			);
			path = Common;
			sourceTree = "<group>";
		};
		E151B88028183AD9001BE4CC /* Coordinator */ = {
			isa = PBXGroup;
			children = (
				E151B87E2818369A001BE4CC /* MovieCoordinator.swift */,
			);
			path = Coordinator;
			sourceTree = "<group>";
		};
		E151B881281840CF001BE4CC /* ViewModel */ = {
			isa = PBXGroup;
			children = (
				E151B87C2818360B001BE4CC /* MovieDetailContracts.swift */,
				E151B87A281835B0001BE4CC /* MovieDetailViewModel.swift */,
			);
			path = ViewModel;
			sourceTree = "<group>";
		};
		E151B882281840E1001BE4CC /* View */ = {
			isa = PBXGroup;
			children = (
				E151B878281834FE001BE4CC /* MovieDetailViewController.swift */,
			);
			path = View;
			sourceTree = "<group>";
		};
		E151B88528186AFA001BE4CC /* Detail */ = {
			isa = PBXGroup;
			children = (
				E151B88728186B0D001BE4CC /* Response */,
			);
			path = Detail;
			sourceTree = "<group>";
		};
		E151B88728186B0D001BE4CC /* Response */ = {
			isa = PBXGroup;
			children = (
				E151B88A28186DAC001BE4CC /* MovieDetailResponse.swift */,
			);
			path = Response;
			sourceTree = "<group>";
		};
		E151B88C281870DD001BE4CC /* Movie */ = {
			isa = PBXGroup;
			children = (
				E151B8592817F1B9001BE4CC /* List */,
				E151B88528186AFA001BE4CC /* Detail */,
				E151B85A2817F1CC001BE4CC /* MovieService.swift */,
			);
			path = Movie;
			sourceTree = "<group>";
		};
		E151B88D281873B4001BE4CC /* Model */ = {
			isa = PBXGroup;
			children = (
				E151B88E281873C4001BE4CC /* MovieDetailItem.swift */,
				E151B890281873FD001BE4CC /* MovieDetailItem+Extensions.swift */,
			);
			path = Model;
			sourceTree = "<group>";
		};
		E151B89828188F30001BE4CC /* Model */ = {
			isa = PBXGroup;
			children = (
				E151B89928188F54001BE4CC /* MovieItem.swift */,
				E151B89B28188F72001BE4CC /* MovieItem+Extensions.swift */,
			);
			path = Model;
			sourceTree = "<group>";
		};
		E151B89D2818944F001BE4CC /* Extensions */ = {
			isa = PBXGroup;
			children = (
				E151B89628188D08001BE4CC /* String+Extensions.swift */,
				E151B8A128189919001BE4CC /* UIView+Extensions.swift */,
				E151B8A328189D92001BE4CC /* UIViewController+Extensions.swift */,
			);
			path = Extensions;
			sourceTree = "<group>";
		};
		E151B89E28189457001BE4CC /* View */ = {
			isa = PBXGroup;
			children = (
				E151B89F28189462001BE4CC /* LoadingView.swift */,
			);
			path = View;
			sourceTree = "<group>";
		};
/* End PBXGroup section */

/* Begin PBXNativeTarget section */
		E151B82328171DFF001BE4CC /* Mobillium */ = {
			isa = PBXNativeTarget;
			buildConfigurationList = E151B83828171E00001BE4CC /* Build configuration list for PBXNativeTarget "Mobillium" */;
			buildPhases = (
				7064C771C547818CBE8C391D /* [CP] Check Pods Manifest.lock */,
				E151B82028171DFF001BE4CC /* Sources */,
				E151B82128171DFF001BE4CC /* Frameworks */,
				E151B82228171DFF001BE4CC /* Resources */,
				E5872552BFD2E4A2990EF41A /* [CP] Embed Pods Frameworks */,
			);
			buildRules = (
			);
			dependencies = (
			);
			name = Mobillium;
			productName = Mobillium;
			productReference = E151B82428171DFF001BE4CC /* Mobillium.app */;
			productType = "com.apple.product-type.application";
		};
/* End PBXNativeTarget section */

/* Begin PBXProject section */
		E151B81C28171DFF001BE4CC /* Project object */ = {
			isa = PBXProject;
			attributes = {
				BuildIndependentTargetsInParallel = 1;
				LastSwiftUpdateCheck = 1320;
				LastUpgradeCheck = 1320;
				TargetAttributes = {
					E151B82328171DFF001BE4CC = {
						CreatedOnToolsVersion = 13.2.1;
					};
				};
			};
			buildConfigurationList = E151B81F28171DFF001BE4CC /* Build configuration list for PBXProject "Mobillium" */;
			compatibilityVersion = "Xcode 13.0";
			developmentRegion = en;
			hasScannedForEncodings = 0;
			knownRegions = (
				en,
				Base,
			);
			mainGroup = E151B81B28171DFF001BE4CC;
			productRefGroup = E151B82528171DFF001BE4CC /* Products */;
			projectDirPath = "";
			projectRoot = "";
			targets = (
				E151B82328171DFF001BE4CC /* Mobillium */,
			);
		};
/* End PBXProject section */

/* Begin PBXResourcesBuildPhase section */
		E151B82228171DFF001BE4CC /* Resources */ = {
			isa = PBXResourcesBuildPhase;
			buildActionMask = 2147483647;
			files = (
				E151B8452817339B001BE4CC /* MovieListTableViewCell.xib in Resources */,
				E151B84A2817417C001BE4CC /* SliderView.xib in Resources */,
				E151B83428171E00001BE4CC /* LaunchScreen.storyboard in Resources */,
				E151B83128171E00001BE4CC /* Assets.xcassets in Resources */,
				E151B82F28171DFF001BE4CC /* Main.storyboard in Resources */,
				E151B84028172C00001BE4CC /* SliderCollectionViewCell.xib in Resources */,
			);
			runOnlyForDeploymentPostprocessing = 0;
		};
/* End PBXResourcesBuildPhase section */

/* Begin PBXShellScriptBuildPhase section */
		7064C771C547818CBE8C391D /* [CP] Check Pods Manifest.lock */ = {
			isa = PBXShellScriptBuildPhase;
			buildActionMask = 2147483647;
			files = (
			);
			inputFileListPaths = (
			);
			inputPaths = (
				"${PODS_PODFILE_DIR_PATH}/Podfile.lock",
				"${PODS_ROOT}/Manifest.lock",
			);
			name = "[CP] Check Pods Manifest.lock";
			outputFileListPaths = (
			);
			outputPaths = (
				"$(DERIVED_FILE_DIR)/Pods-Mobillium-checkManifestLockResult.txt",
			);
			runOnlyForDeploymentPostprocessing = 0;
			shellPath = /bin/sh;
			shellScript = "diff \"${PODS_PODFILE_DIR_PATH}/Podfile.lock\" \"${PODS_ROOT}/Manifest.lock\" > /dev/null\nif [ $? != 0 ] ; then\n    # print error to STDERR\n    echo \"error: The sandbox is not in sync with the Podfile.lock. Run 'pod install' or update your CocoaPods installation.\" >&2\n    exit 1\nfi\n# This output is used by Xcode 'outputs' to avoid re-running this script phase.\necho \"SUCCESS\" > \"${SCRIPT_OUTPUT_FILE_0}\"\n";
			showEnvVarsInLog = 0;
		};
		E5872552BFD2E4A2990EF41A /* [CP] Embed Pods Frameworks */ = {
			isa = PBXShellScriptBuildPhase;
			buildActionMask = 2147483647;
			files = (
			);
			inputFileListPaths = (
				"${PODS_ROOT}/Target Support Files/Pods-Mobillium/Pods-Mobillium-frameworks-${CONFIGURATION}-input-files.xcfilelist",
			);
			name = "[CP] Embed Pods Frameworks";
			outputFileListPaths = (
				"${PODS_ROOT}/Target Support Files/Pods-Mobillium/Pods-Mobillium-frameworks-${CONFIGURATION}-output-files.xcfilelist",
			);
			runOnlyForDeploymentPostprocessing = 0;
			shellPath = /bin/sh;
			shellScript = "\"${PODS_ROOT}/Target Support Files/Pods-Mobillium/Pods-Mobillium-frameworks.sh\"\n";
			showEnvVarsInLog = 0;
		};
/* End PBXShellScriptBuildPhase section */

/* Begin PBXSourcesBuildPhase section */
		E151B82028171DFF001BE4CC /* Sources */ = {
			isa = PBXSourcesBuildPhase;
			buildActionMask = 2147483647;
			files = (
				E151B874281833CF001BE4CC /* MovieListContracts.swift in Sources */,
				E151B89328187FE6001BE4CC /* Assets.swift in Sources */,
				E151B891281873FD001BE4CC /* MovieDetailItem+Extensions.swift in Sources */,
				E151B89C28188F72001BE4CC /* MovieItem+Extensions.swift in Sources */,
				E151B8A428189D92001BE4CC /* UIViewController+Extensions.swift in Sources */,
				E151B89728188D08001BE4CC /* String+Extensions.swift in Sources */,
				E151B87F2818369A001BE4CC /* MovieCoordinator.swift in Sources */,
				E151B88B28186DAC001BE4CC /* MovieDetailResponse.swift in Sources */,
				E151B8842818690C001BE4CC /* CoordinatorProtocol.swift in Sources */,
				E151B82C28171DFF001BE4CC /* MovieListViewController.swift in Sources */,
				E151B82828171DFF001BE4CC /* AppDelegate.swift in Sources */,
				E151B8A228189919001BE4CC /* UIView+Extensions.swift in Sources */,
				E151B86C28182FF9001BE4CC /* AppCoordinator.swift in Sources */,
				E151B85B2817F1CC001BE4CC /* MovieService.swift in Sources */,
				E151B879281834FE001BE4CC /* MovieDetailViewController.swift in Sources */,
				E151B8542817F06A001BE4CC /* MovieListNowPlayingResponse.swift in Sources */,
				E151B87B281835B0001BE4CC /* MovieDetailViewModel.swift in Sources */,
				E151B87728183405001BE4CC /* State.swift in Sources */,
				E151B82A28171DFF001BE4CC /* SceneDelegate.swift in Sources */,
				E151B8512817E6B6001BE4CC /* NetworkManager.swift in Sources */,
				E151B8442817339B001BE4CC /* MovieListTableViewCell.swift in Sources */,
				E151B89A28188F54001BE4CC /* MovieItem.swift in Sources */,
				E151B86A28182F5B001BE4CC /* MovieListUpcomingResponse.swift in Sources */,
				E151B89528188703001BE4CC /* Color.swift in Sources */,
				E151B88F281873C4001BE4CC /* MovieDetailItem.swift in Sources */,
				E151B83F28172C00001BE4CC /* SliderCollectionViewCell.swift in Sources */,
				E151B84C28174238001BE4CC /* SliderView.swift in Sources */,
				E151B8A028189462001BE4CC /* LoadingView.swift in Sources */,
				E151B8602818074D001BE4CC /* Endpoint.swift in Sources */,
				E151B87D2818360B001BE4CC /* MovieDetailContracts.swift in Sources */,
				E151B8572817F108001BE4CC /* MovieListViewModel.swift in Sources */,
			);
			runOnlyForDeploymentPostprocessing = 0;
		};
/* End PBXSourcesBuildPhase section */

/* Begin PBXVariantGroup section */
		E151B82D28171DFF001BE4CC /* Main.storyboard */ = {
			isa = PBXVariantGroup;
			children = (
				E151B82E28171DFF001BE4CC /* Base */,
			);
			name = Main.storyboard;
			sourceTree = "<group>";
		};
		E151B83228171E00001BE4CC /* LaunchScreen.storyboard */ = {
			isa = PBXVariantGroup;
			children = (
				E151B83328171E00001BE4CC /* Base */,
			);
			name = LaunchScreen.storyboard;
			sourceTree = "<group>";
		};
/* End PBXVariantGroup section */

/* Begin XCBuildConfiguration section */
		E151B83628171E00001BE4CC /* Debug */ = {
			isa = XCBuildConfiguration;
			buildSettings = {
				ALWAYS_SEARCH_USER_PATHS = NO;
				CLANG_ANALYZER_NONNULL = YES;
				CLANG_ANALYZER_NUMBER_OBJECT_CONVERSION = YES_AGGRESSIVE;
				CLANG_CXX_LANGUAGE_STANDARD = "gnu++17";
				CLANG_CXX_LIBRARY = "libc++";
				CLANG_ENABLE_MODULES = YES;
				CLANG_ENABLE_OBJC_ARC = YES;
				CLANG_ENABLE_OBJC_WEAK = YES;
				CLANG_WARN_BLOCK_CAPTURE_AUTORELEASING = YES;
				CLANG_WARN_BOOL_CONVERSION = YES;
				CLANG_WARN_COMMA = YES;
				CLANG_WARN_CONSTANT_CONVERSION = YES;
				CLANG_WARN_DEPRECATED_OBJC_IMPLEMENTATIONS = YES;
				CLANG_WARN_DIRECT_OBJC_ISA_USAGE = YES_ERROR;
				CLANG_WARN_DOCUMENTATION_COMMENTS = YES;
				CLANG_WARN_EMPTY_BODY = YES;
				CLANG_WARN_ENUM_CONVERSION = YES;
				CLANG_WARN_INFINITE_RECURSION = YES;
				CLANG_WARN_INT_CONVERSION = YES;
				CLANG_WARN_NON_LITERAL_NULL_CONVERSION = YES;
				CLANG_WARN_OBJC_IMPLICIT_RETAIN_SELF = YES;
				CLANG_WARN_OBJC_LITERAL_CONVERSION = YES;
				CLANG_WARN_OBJC_ROOT_CLASS = YES_ERROR;
				CLANG_WARN_QUOTED_INCLUDE_IN_FRAMEWORK_HEADER = YES;
				CLANG_WARN_RANGE_LOOP_ANALYSIS = YES;
				CLANG_WARN_STRICT_PROTOTYPES = YES;
				CLANG_WARN_SUSPICIOUS_MOVE = YES;
				CLANG_WARN_UNGUARDED_AVAILABILITY = YES_AGGRESSIVE;
				CLANG_WARN_UNREACHABLE_CODE = YES;
				CLANG_WARN__DUPLICATE_METHOD_MATCH = YES;
				COPY_PHASE_STRIP = NO;
				DEBUG_INFORMATION_FORMAT = dwarf;
				ENABLE_STRICT_OBJC_MSGSEND = YES;
				ENABLE_TESTABILITY = YES;
				GCC_C_LANGUAGE_STANDARD = gnu11;
				GCC_DYNAMIC_NO_PIC = NO;
				GCC_NO_COMMON_BLOCKS = YES;
				GCC_OPTIMIZATION_LEVEL = 0;
				GCC_PREPROCESSOR_DEFINITIONS = (
					"DEBUG=1",
					"$(inherited)",
				);
				GCC_WARN_64_TO_32_BIT_CONVERSION = YES;
				GCC_WARN_ABOUT_RETURN_TYPE = YES_ERROR;
				GCC_WARN_UNDECLARED_SELECTOR = YES;
				GCC_WARN_UNINITIALIZED_AUTOS = YES_AGGRESSIVE;
				GCC_WARN_UNUSED_FUNCTION = YES;
				GCC_WARN_UNUSED_VARIABLE = YES;
				IPHONEOS_DEPLOYMENT_TARGET = 15.2;
				MTL_ENABLE_DEBUG_INFO = INCLUDE_SOURCE;
				MTL_FAST_MATH = YES;
				ONLY_ACTIVE_ARCH = YES;
				SDKROOT = iphoneos;
				SWIFT_ACTIVE_COMPILATION_CONDITIONS = DEBUG;
				SWIFT_OPTIMIZATION_LEVEL = "-Onone";
			};
			name = Debug;
		};
		E151B83728171E00001BE4CC /* Release */ = {
			isa = XCBuildConfiguration;
			buildSettings = {
				ALWAYS_SEARCH_USER_PATHS = NO;
				CLANG_ANALYZER_NONNULL = YES;
				CLANG_ANALYZER_NUMBER_OBJECT_CONVERSION = YES_AGGRESSIVE;
				CLANG_CXX_LANGUAGE_STANDARD = "gnu++17";
				CLANG_CXX_LIBRARY = "libc++";
				CLANG_ENABLE_MODULES = YES;
				CLANG_ENABLE_OBJC_ARC = YES;
				CLANG_ENABLE_OBJC_WEAK = YES;
				CLANG_WARN_BLOCK_CAPTURE_AUTORELEASING = YES;
				CLANG_WARN_BOOL_CONVERSION = YES;
				CLANG_WARN_COMMA = YES;
				CLANG_WARN_CONSTANT_CONVERSION = YES;
				CLANG_WARN_DEPRECATED_OBJC_IMPLEMENTATIONS = YES;
				CLANG_WARN_DIRECT_OBJC_ISA_USAGE = YES_ERROR;
				CLANG_WARN_DOCUMENTATION_COMMENTS = YES;
				CLANG_WARN_EMPTY_BODY = YES;
				CLANG_WARN_ENUM_CONVERSION = YES;
				CLANG_WARN_INFINITE_RECURSION = YES;
				CLANG_WARN_INT_CONVERSION = YES;
				CLANG_WARN_NON_LITERAL_NULL_CONVERSION = YES;
				CLANG_WARN_OBJC_IMPLICIT_RETAIN_SELF = YES;
				CLANG_WARN_OBJC_LITERAL_CONVERSION = YES;
				CLANG_WARN_OBJC_ROOT_CLASS = YES_ERROR;
				CLANG_WARN_QUOTED_INCLUDE_IN_FRAMEWORK_HEADER = YES;
				CLANG_WARN_RANGE_LOOP_ANALYSIS = YES;
				CLANG_WARN_STRICT_PROTOTYPES = YES;
				CLANG_WARN_SUSPICIOUS_MOVE = YES;
				CLANG_WARN_UNGUARDED_AVAILABILITY = YES_AGGRESSIVE;
				CLANG_WARN_UNREACHABLE_CODE = YES;
				CLANG_WARN__DUPLICATE_METHOD_MATCH = YES;
				COPY_PHASE_STRIP = NO;
				DEBUG_INFORMATION_FORMAT = "dwarf-with-dsym";
				ENABLE_NS_ASSERTIONS = NO;
				ENABLE_STRICT_OBJC_MSGSEND = YES;
				GCC_C_LANGUAGE_STANDARD = gnu11;
				GCC_NO_COMMON_BLOCKS = YES;
				GCC_WARN_64_TO_32_BIT_CONVERSION = YES;
				GCC_WARN_ABOUT_RETURN_TYPE = YES_ERROR;
				GCC_WARN_UNDECLARED_SELECTOR = YES;
				GCC_WARN_UNINITIALIZED_AUTOS = YES_AGGRESSIVE;
				GCC_WARN_UNUSED_FUNCTION = YES;
				GCC_WARN_UNUSED_VARIABLE = YES;
				IPHONEOS_DEPLOYMENT_TARGET = 15.2;
				MTL_ENABLE_DEBUG_INFO = NO;
				MTL_FAST_MATH = YES;
				SDKROOT = iphoneos;
				SWIFT_COMPILATION_MODE = wholemodule;
				SWIFT_OPTIMIZATION_LEVEL = "-O";
				VALIDATE_PRODUCT = YES;
			};
			name = Release;
		};
		E151B83928171E00001BE4CC /* Debug */ = {
			isa = XCBuildConfiguration;
			baseConfigurationReference = 7A72F25155E440C1BEBDE8F1 /* Pods-Mobillium.debug.xcconfig */;
			buildSettings = {
				ASSETCATALOG_COMPILER_APPICON_NAME = AppIcon;
				ASSETCATALOG_COMPILER_GLOBAL_ACCENT_COLOR_NAME = AccentColor;
				CODE_SIGN_STYLE = Automatic;
				CURRENT_PROJECT_VERSION = 1;
				DEVELOPMENT_TEAM = R38K25C8UB;
				GENERATE_INFOPLIST_FILE = YES;
				INFOPLIST_FILE = Mobillium/Info.plist;
				INFOPLIST_KEY_UIApplicationSupportsIndirectInputEvents = YES;
				INFOPLIST_KEY_UILaunchStoryboardName = LaunchScreen;
				INFOPLIST_KEY_UIMainStoryboardFile = Main;
				INFOPLIST_KEY_UISupportedInterfaceOrientations_iPad = "UIInterfaceOrientationPortrait UIInterfaceOrientationPortraitUpsideDown UIInterfaceOrientationLandscapeLeft UIInterfaceOrientationLandscapeRight";
				INFOPLIST_KEY_UISupportedInterfaceOrientations_iPhone = "UIInterfaceOrientationPortrait UIInterfaceOrientationLandscapeLeft UIInterfaceOrientationLandscapeRight";
				LD_RUNPATH_SEARCH_PATHS = (
					"$(inherited)",
					"@executable_path/Frameworks",
				);
				MARKETING_VERSION = 1.0;
				PRODUCT_BUNDLE_IDENTIFIER = com.ozhayta.Mobillium;
				PRODUCT_NAME = "$(TARGET_NAME)";
				SWIFT_EMIT_LOC_STRINGS = YES;
				SWIFT_VERSION = 5.0;
				TARGETED_DEVICE_FAMILY = "1,2";
			};
			name = Debug;
		};
		E151B83A28171E00001BE4CC /* Release */ = {
			isa = XCBuildConfiguration;
			baseConfigurationReference = 1FEBB2A6A9EE11F1DDC00A64 /* Pods-Mobillium.release.xcconfig */;
			buildSettings = {
				ASSETCATALOG_COMPILER_APPICON_NAME = AppIcon;
				ASSETCATALOG_COMPILER_GLOBAL_ACCENT_COLOR_NAME = AccentColor;
				CODE_SIGN_STYLE = Automatic;
				CURRENT_PROJECT_VERSION = 1;
				DEVELOPMENT_TEAM = R38K25C8UB;
				GENERATE_INFOPLIST_FILE = YES;
				INFOPLIST_FILE = Mobillium/Info.plist;
				INFOPLIST_KEY_UIApplicationSupportsIndirectInputEvents = YES;
				INFOPLIST_KEY_UILaunchStoryboardName = LaunchScreen;
				INFOPLIST_KEY_UIMainStoryboardFile = Main;
				INFOPLIST_KEY_UISupportedInterfaceOrientations_iPad = "UIInterfaceOrientationPortrait UIInterfaceOrientationPortraitUpsideDown UIInterfaceOrientationLandscapeLeft UIInterfaceOrientationLandscapeRight";
				INFOPLIST_KEY_UISupportedInterfaceOrientations_iPhone = "UIInterfaceOrientationPortrait UIInterfaceOrientationLandscapeLeft UIInterfaceOrientationLandscapeRight";
				LD_RUNPATH_SEARCH_PATHS = (
					"$(inherited)",
					"@executable_path/Frameworks",
				);
				MARKETING_VERSION = 1.0;
				PRODUCT_BUNDLE_IDENTIFIER = com.ozhayta.Mobillium;
				PRODUCT_NAME = "$(TARGET_NAME)";
				SWIFT_EMIT_LOC_STRINGS = YES;
				SWIFT_VERSION = 5.0;
				TARGETED_DEVICE_FAMILY = "1,2";
			};
			name = Release;
		};
/* End XCBuildConfiguration section */

/* Begin XCConfigurationList section */
		E151B81F28171DFF001BE4CC /* Build configuration list for PBXProject "Mobillium" */ = {
			isa = XCConfigurationList;
			buildConfigurations = (
				E151B83628171E00001BE4CC /* Debug */,
				E151B83728171E00001BE4CC /* Release */,
			);
			defaultConfigurationIsVisible = 0;
			defaultConfigurationName = Release;
		};
		E151B83828171E00001BE4CC /* Build configuration list for PBXNativeTarget "Mobillium" */ = {
			isa = XCConfigurationList;
			buildConfigurations = (
				E151B83928171E00001BE4CC /* Debug */,
				E151B83A28171E00001BE4CC /* Release */,
			);
			defaultConfigurationIsVisible = 0;
			defaultConfigurationName = Release;
		};
/* End XCConfigurationList section */
	};
	rootObject = E151B81C28171DFF001BE4CC /* Project object */;
}
